
Microsoft Visual Studio Solution File, Format Version 12.00
# Visual Studio Version 17
VisualStudioVersion = 17.14.37111.16 d17.14
MinimumVisualStudioVersion = 10.0.40219.1
Project("{FAE04EC0-301F-11D3-BF4B-00C04F79EFBC}") = "1C30JT_1", "1C30JT_1\1C30JT_1.csproj", "{84F50D88-1756-4D51-895B-9DD52B0F57A0}"
EndProject
Global
	GlobalSection(SolutionConfigurationPlatforms) = preSolution
		Debug|Any CPU = Debug|Any CPU
		Release|Any CPU = Release|Any CPU
	EndGlobalSection
	GlobalSection(ProjectConfigurationPlatforms) = postSolution
		{84F50D88-1756-4D51-895B-9DD52B0F57A0}.Debug|Any CPU.ActiveCfg = Debug|Any CPU
		{84F50D88-1756-4D51-895B-9DD52B0F57A0}.Debug|Any CPU.Build.0 = Debug|Any CPU
		{84F50D88-1756-4D51-895B-9DD52B0F57A0}.Release|Any CPU.ActiveCfg = Release|Any CPU
		{84F50D88-1756-4D51-895B-9DD52B0F57A0}.Release|Any CPU.Build.0 = Release|Any CPU
	EndGlobalSection
	GlobalSection(SolutionProperties) = preSolution
		HideSolutionNode = FALSE
	EndGlobalSection
	GlobalSection(ExtensibilityGlobals) = postSolution
		SolutionGuid = {3B3309EE-36E5-42B2-9489-C001E046A0B8}
	EndGlobalSection
EndGlobal
