
Microsoft Visual Studio Solution File, Format Version 12.00
# Visual Studio Version 17
VisualStudioVersion = 17.14.37111.16 d17.14
MinimumVisualStudioVersion = 10.0.40219.1
Project("{FAE04EC0-301F-11D3-BF4B-00C04F79EFBC}") = "1C30JT_WaiYan_Kadai_4_11", "1C30JT_WaiYan_Kadai_4_11\1C30JT_WaiYan_Kadai_4_11.csproj", "{9A117C00-E6F2-4726-9A47-5E25BFCBB9FC}"
EndProject
Global
	GlobalSection(SolutionConfigurationPlatforms) = preSolution
		Debug|Any CPU = Debug|Any CPU
		Release|Any CPU = Release|Any CPU
	EndGlobalSection
	GlobalSection(ProjectConfigurationPlatforms) = postSolution
		{9A117C00-E6F2-4726-9A47-5E25BFCBB9FC}.Debug|Any CPU.ActiveCfg = Debug|Any CPU
		{9A117C00-E6F2-4726-9A47-5E25BFCBB9FC}.Debug|Any CPU.Build.0 = Debug|Any CPU
		{9A117C00-E6F2-4726-9A47-5E25BFCBB9FC}.Release|Any CPU.ActiveCfg = Release|Any CPU
		{9A117C00-E6F2-4726-9A47-5E25BFCBB9FC}.Release|Any CPU.Build.0 = Release|Any CPU
	EndGlobalSection
	GlobalSection(SolutionProperties) = preSolution
		HideSolutionNode = FALSE
	EndGlobalSection
	GlobalSection(ExtensibilityGlobals) = postSolution
		SolutionGuid = {0470EBE7-F242-471B-95C6-9B5B5613E5B0}
	EndGlobalSection
EndGlobal
