
Microsoft Visual Studio Solution File, Format Version 12.00
# Visual Studio Version 17
VisualStudioVersion = 17.14.37111.16 d17.14
MinimumVisualStudioVersion = 10.0.40219.1
Project("{FAE04EC0-301F-11D3-BF4B-00C04F79EFBC}") = "Renshu2_4", "Renshu2_4\Renshu2_4.csproj", "{54ABC398-8034-4755-9A85-ABF3F4B9FC8A}"
EndProject
Global
	GlobalSection(SolutionConfigurationPlatforms) = preSolution
		Debug|Any CPU = Debug|Any CPU
		Release|Any CPU = Release|Any CPU
	EndGlobalSection
	GlobalSection(ProjectConfigurationPlatforms) = postSolution
		{54ABC398-8034-4755-9A85-ABF3F4B9FC8A}.Debug|Any CPU.ActiveCfg = Debug|Any CPU
		{54ABC398-8034-4755-9A85-ABF3F4B9FC8A}.Debug|Any CPU.Build.0 = Debug|Any CPU
		{54ABC398-8034-4755-9A85-ABF3F4B9FC8A}.Release|Any CPU.ActiveCfg = Release|Any CPU
		{54ABC398-8034-4755-9A85-ABF3F4B9FC8A}.Release|Any CPU.Build.0 = Release|Any CPU
	EndGlobalSection
	GlobalSection(SolutionProperties) = preSolution
		HideSolutionNode = FALSE
	EndGlobalSection
	GlobalSection(ExtensibilityGlobals) = postSolution
		SolutionGuid = {CBDE6AC1-D239-4496-A64A-B3477B074706}
	EndGlobalSection
EndGlobal
