
Microsoft Visual Studio Solution File, Format Version 12.00
# Visual Studio Version 17
VisualStudioVersion = 17.14.37111.16 d17.14
MinimumVisualStudioVersion = 10.0.40219.1
Project("{FAE04EC0-301F-11D3-BF4B-00C04F79EFBC}") = "Renshu4_3", "Renshu4_3\Renshu4_3.csproj", "{FD93C796-A753-4D20-A211-37AC5F3E0E64}"
EndProject
Global
	GlobalSection(SolutionConfigurationPlatforms) = preSolution
		Debug|Any CPU = Debug|Any CPU
		Release|Any CPU = Release|Any CPU
	EndGlobalSection
	GlobalSection(ProjectConfigurationPlatforms) = postSolution
		{FD93C796-A753-4D20-A211-37AC5F3E0E64}.Debug|Any CPU.ActiveCfg = Debug|Any CPU
		{FD93C796-A753-4D20-A211-37AC5F3E0E64}.Debug|Any CPU.Build.0 = Debug|Any CPU
		{FD93C796-A753-4D20-A211-37AC5F3E0E64}.Release|Any CPU.ActiveCfg = Release|Any CPU
		{FD93C796-A753-4D20-A211-37AC5F3E0E64}.Release|Any CPU.Build.0 = Release|Any CPU
	EndGlobalSection
	GlobalSection(SolutionProperties) = preSolution
		HideSolutionNode = FALSE
	EndGlobalSection
	GlobalSection(ExtensibilityGlobals) = postSolution
		SolutionGuid = {AB53940C-9FD1-4B89-8124-A228958B3803}
	EndGlobalSection
EndGlobal
