
Microsoft Visual Studio Solution File, Format Version 12.00
# Visual Studio Version 17
VisualStudioVersion = 17.14.37111.16 d17.14
MinimumVisualStudioVersion = 10.0.40219.1
Project("{FAE04EC0-301F-11D3-BF4B-00C04F79EFBC}") = "1C30JT_WaiYan_Kadai_4_1", "1C30JT_WaiYan_Kadai_4_1\1C30JT_WaiYan_Kadai_4_1.csproj", "{6302F384-1AF3-4EA9-9396-88BB0FCFB23E}"
EndProject
Global
	GlobalSection(SolutionConfigurationPlatforms) = preSolution
		Debug|Any CPU = Debug|Any CPU
		Release|Any CPU = Release|Any CPU
	EndGlobalSection
	GlobalSection(ProjectConfigurationPlatforms) = postSolution
		{6302F384-1AF3-4EA9-9396-88BB0FCFB23E}.Debug|Any CPU.ActiveCfg = Debug|Any CPU
		{6302F384-1AF3-4EA9-9396-88BB0FCFB23E}.Debug|Any CPU.Build.0 = Debug|Any CPU
		{6302F384-1AF3-4EA9-9396-88BB0FCFB23E}.Release|Any CPU.ActiveCfg = Release|Any CPU
		{6302F384-1AF3-4EA9-9396-88BB0FCFB23E}.Release|Any CPU.Build.0 = Release|Any CPU
	EndGlobalSection
	GlobalSection(SolutionProperties) = preSolution
		HideSolutionNode = FALSE
	EndGlobalSection
	GlobalSection(ExtensibilityGlobals) = postSolution
		SolutionGuid = {74B20626-E685-4D76-A2E3-335E906D2402}
	EndGlobalSection
EndGlobal
