
Microsoft Visual Studio Solution File, Format Version 12.00
# Visual Studio Version 17
VisualStudioVersion = 17.14.37111.16 d17.14
MinimumVisualStudioVersion = 10.0.40219.1
Project("{FAE04EC0-301F-11D3-BF4B-00C04F79EFBC}") = "Rensh_6_1", "Rensh_6_1\Rensh_6_1.csproj", "{0485672B-B218-45F2-804C-FB27E69CBAF9}"
EndProject
Global
	GlobalSection(SolutionConfigurationPlatforms) = preSolution
		Debug|Any CPU = Debug|Any CPU
		Release|Any CPU = Release|Any CPU
	EndGlobalSection
	GlobalSection(ProjectConfigurationPlatforms) = postSolution
		{0485672B-B218-45F2-804C-FB27E69CBAF9}.Debug|Any CPU.ActiveCfg = Debug|Any CPU
		{0485672B-B218-45F2-804C-FB27E69CBAF9}.Debug|Any CPU.Build.0 = Debug|Any CPU
		{0485672B-B218-45F2-804C-FB27E69CBAF9}.Release|Any CPU.ActiveCfg = Release|Any CPU
		{0485672B-B218-45F2-804C-FB27E69CBAF9}.Release|Any CPU.Build.0 = Release|Any CPU
	EndGlobalSection
	GlobalSection(SolutionProperties) = preSolution
		HideSolutionNode = FALSE
	EndGlobalSection
	GlobalSection(ExtensibilityGlobals) = postSolution
		SolutionGuid = {E1735D5C-4385-4569-ADCE-22D8935B85CA}
	EndGlobalSection
EndGlobal
