
Microsoft Visual Studio Solution File, Format Version 12.00
# Visual Studio Version 17
VisualStudioVersion = 17.14.37111.16 d17.14
MinimumVisualStudioVersion = 10.0.40219.1
Project("{FAE04EC0-301F-11D3-BF4B-00C04F79EFBC}") = "Renshu5_1", "Renshu5_1\Renshu5_1.csproj", "{A45B8A02-B745-4B1A-B4F5-BACC59AA448A}"
EndProject
Global
	GlobalSection(SolutionConfigurationPlatforms) = preSolution
		Debug|Any CPU = Debug|Any CPU
		Release|Any CPU = Release|Any CPU
	EndGlobalSection
	GlobalSection(ProjectConfigurationPlatforms) = postSolution
		{A45B8A02-B745-4B1A-B4F5-BACC59AA448A}.Debug|Any CPU.ActiveCfg = Debug|Any CPU
		{A45B8A02-B745-4B1A-B4F5-BACC59AA448A}.Debug|Any CPU.Build.0 = Debug|Any CPU
		{A45B8A02-B745-4B1A-B4F5-BACC59AA448A}.Release|Any CPU.ActiveCfg = Release|Any CPU
		{A45B8A02-B745-4B1A-B4F5-BACC59AA448A}.Release|Any CPU.Build.0 = Release|Any CPU
	EndGlobalSection
	GlobalSection(SolutionProperties) = preSolution
		HideSolutionNode = FALSE
	EndGlobalSection
	GlobalSection(ExtensibilityGlobals) = postSolution
		SolutionGuid = {FA5CBED1-E19B-4BA5-8285-775CE6F679BE}
	EndGlobalSection
EndGlobal
