
Microsoft Visual Studio Solution File, Format Version 12.00
# Visual Studio Version 17
VisualStudioVersion = 17.14.37111.16 d17.14
MinimumVisualStudioVersion = 10.0.40219.1
Project("{FAE04EC0-301F-11D3-BF4B-00C04F79EFBC}") = "Renshu2_2", "Renshu2_2\Renshu2_2.csproj", "{FEF97A27-C592-4761-9066-E304B2850465}"
EndProject
Global
	GlobalSection(SolutionConfigurationPlatforms) = preSolution
		Debug|Any CPU = Debug|Any CPU
		Release|Any CPU = Release|Any CPU
	EndGlobalSection
	GlobalSection(ProjectConfigurationPlatforms) = postSolution
		{FEF97A27-C592-4761-9066-E304B2850465}.Debug|Any CPU.ActiveCfg = Debug|Any CPU
		{FEF97A27-C592-4761-9066-E304B2850465}.Debug|Any CPU.Build.0 = Debug|Any CPU
		{FEF97A27-C592-4761-9066-E304B2850465}.Release|Any CPU.ActiveCfg = Release|Any CPU
		{FEF97A27-C592-4761-9066-E304B2850465}.Release|Any CPU.Build.0 = Release|Any CPU
	EndGlobalSection
	GlobalSection(SolutionProperties) = preSolution
		HideSolutionNode = FALSE
	EndGlobalSection
	GlobalSection(ExtensibilityGlobals) = postSolution
		SolutionGuid = {E5049EFB-24BC-4822-BEC7-1813CEE9E3EE}
	EndGlobalSection
EndGlobal
