
Microsoft Visual Studio Solution File, Format Version 12.00
# Visual Studio Version 17
VisualStudioVersion = 17.14.37111.16 d17.14
MinimumVisualStudioVersion = 10.0.40219.1
Project("{FAE04EC0-301F-11D3-BF4B-00C04F79EFBC}") = "1C30JT_WaiYan_Kadai_5_2", "1C30JT_WaiYan_Kadai_5_2\1C30JT_WaiYan_Kadai_5_2.csproj", "{D72F7B2B-E0CE-498F-93AE-DBE621D8EF7D}"
EndProject
Global
	GlobalSection(SolutionConfigurationPlatforms) = preSolution
		Debug|Any CPU = Debug|Any CPU
		Release|Any CPU = Release|Any CPU
	EndGlobalSection
	GlobalSection(ProjectConfigurationPlatforms) = postSolution
		{D72F7B2B-E0CE-498F-93AE-DBE621D8EF7D}.Debug|Any CPU.ActiveCfg = Debug|Any CPU
		{D72F7B2B-E0CE-498F-93AE-DBE621D8EF7D}.Debug|Any CPU.Build.0 = Debug|Any CPU
		{D72F7B2B-E0CE-498F-93AE-DBE621D8EF7D}.Release|Any CPU.ActiveCfg = Release|Any CPU
		{D72F7B2B-E0CE-498F-93AE-DBE621D8EF7D}.Release|Any CPU.Build.0 = Release|Any CPU
	EndGlobalSection
	GlobalSection(SolutionProperties) = preSolution
		HideSolutionNode = FALSE
	EndGlobalSection
	GlobalSection(ExtensibilityGlobals) = postSolution
		SolutionGuid = {70ED0145-C31D-4393-9C2A-6A1F105676BA}
	EndGlobalSection
EndGlobal
