
Microsoft Visual Studio Solution File, Format Version 12.00
# Visual Studio Version 17
VisualStudioVersion = 17.14.37111.16 d17.14
MinimumVisualStudioVersion = 10.0.40219.1
Project("{FAE04EC0-301F-11D3-BF4B-00C04F79EFBC}") = "Renshu8_2", "Renshu8_2\Renshu8_2.csproj", "{59549139-0565-4977-B5FD-983CEE778545}"
EndProject
Global
	GlobalSection(SolutionConfigurationPlatforms) = preSolution
		Debug|Any CPU = Debug|Any CPU
		Release|Any CPU = Release|Any CPU
	EndGlobalSection
	GlobalSection(ProjectConfigurationPlatforms) = postSolution
		{59549139-0565-4977-B5FD-983CEE778545}.Debug|Any CPU.ActiveCfg = Debug|Any CPU
		{59549139-0565-4977-B5FD-983CEE778545}.Debug|Any CPU.Build.0 = Debug|Any CPU
		{59549139-0565-4977-B5FD-983CEE778545}.Release|Any CPU.ActiveCfg = Release|Any CPU
		{59549139-0565-4977-B5FD-983CEE778545}.Release|Any CPU.Build.0 = Release|Any CPU
	EndGlobalSection
	GlobalSection(SolutionProperties) = preSolution
		HideSolutionNode = FALSE
	EndGlobalSection
	GlobalSection(ExtensibilityGlobals) = postSolution
		SolutionGuid = {AE774EBC-0DBF-4C56-A4D0-A045ABB409C3}
	EndGlobalSection
EndGlobal
