
Microsoft Visual Studio Solution File, Format Version 12.00
# Visual Studio Version 17
VisualStudioVersion = 17.14.37111.16 d17.14
MinimumVisualStudioVersion = 10.0.40219.1
Project("{FAE04EC0-301F-11D3-BF4B-00C04F79EFBC}") = "1C30JT_WaiYan_kadai_2_1", "1C30JT_WaiYan_kadai_2_1\1C30JT_WaiYan_kadai_2_1.csproj", "{4F1E78F1-BD2C-4305-BAA5-CF0488F60F50}"
EndProject
Global
	GlobalSection(SolutionConfigurationPlatforms) = preSolution
		Debug|Any CPU = Debug|Any CPU
		Release|Any CPU = Release|Any CPU
	EndGlobalSection
	GlobalSection(ProjectConfigurationPlatforms) = postSolution
		{4F1E78F1-BD2C-4305-BAA5-CF0488F60F50}.Debug|Any CPU.ActiveCfg = Debug|Any CPU
		{4F1E78F1-BD2C-4305-BAA5-CF0488F60F50}.Debug|Any CPU.Build.0 = Debug|Any CPU
		{4F1E78F1-BD2C-4305-BAA5-CF0488F60F50}.Release|Any CPU.ActiveCfg = Release|Any CPU
		{4F1E78F1-BD2C-4305-BAA5-CF0488F60F50}.Release|Any CPU.Build.0 = Release|Any CPU
	EndGlobalSection
	GlobalSection(SolutionProperties) = preSolution
		HideSolutionNode = FALSE
	EndGlobalSection
	GlobalSection(ExtensibilityGlobals) = postSolution
		SolutionGuid = {6FB718E2-FE96-488F-8513-27A88ABC8B51}
	EndGlobalSection
EndGlobal
