
Microsoft Visual Studio Solution File, Format Version 12.00
# Visual Studio Version 17
VisualStudioVersion = 17.14.37111.16 d17.14
MinimumVisualStudioVersion = 10.0.40219.1
Project("{FAE04EC0-301F-11D3-BF4B-00C04F79EFBC}") = "1C30JT_WaiYan_kadai_3_1", "1C30JT_WaiYan_kadai_3_1\1C30JT_WaiYan_kadai_3_1.csproj", "{99B72F89-7C5F-4368-9319-3DF58DEB10B9}"
EndProject
Global
	GlobalSection(SolutionConfigurationPlatforms) = preSolution
		Debug|Any CPU = Debug|Any CPU
		Release|Any CPU = Release|Any CPU
	EndGlobalSection
	GlobalSection(ProjectConfigurationPlatforms) = postSolution
		{99B72F89-7C5F-4368-9319-3DF58DEB10B9}.Debug|Any CPU.ActiveCfg = Debug|Any CPU
		{99B72F89-7C5F-4368-9319-3DF58DEB10B9}.Debug|Any CPU.Build.0 = Debug|Any CPU
		{99B72F89-7C5F-4368-9319-3DF58DEB10B9}.Release|Any CPU.ActiveCfg = Release|Any CPU
		{99B72F89-7C5F-4368-9319-3DF58DEB10B9}.Release|Any CPU.Build.0 = Release|Any CPU
	EndGlobalSection
	GlobalSection(SolutionProperties) = preSolution
		HideSolutionNode = FALSE
	EndGlobalSection
	GlobalSection(ExtensibilityGlobals) = postSolution
		SolutionGuid = {6FBFDA1A-3DA6-45B0-A4D2-4F2270A28815}
	EndGlobalSection
EndGlobal
