
Microsoft Visual Studio Solution File, Format Version 12.00
# Visual Studio Version 17
VisualStudioVersion = 17.14.37111.16 d17.14
MinimumVisualStudioVersion = 10.0.40219.1
Project("{FAE04EC0-301F-11D3-BF4B-00C04F79EFBC}") = "Renshu4_2", "Renshu4_2\Renshu4_2.csproj", "{414D9240-0229-43F6-92CC-6F9D16206A93}"
EndProject
Global
	GlobalSection(SolutionConfigurationPlatforms) = preSolution
		Debug|Any CPU = Debug|Any CPU
		Release|Any CPU = Release|Any CPU
	EndGlobalSection
	GlobalSection(ProjectConfigurationPlatforms) = postSolution
		{414D9240-0229-43F6-92CC-6F9D16206A93}.Debug|Any CPU.ActiveCfg = Debug|Any CPU
		{414D9240-0229-43F6-92CC-6F9D16206A93}.Debug|Any CPU.Build.0 = Debug|Any CPU
		{414D9240-0229-43F6-92CC-6F9D16206A93}.Release|Any CPU.ActiveCfg = Release|Any CPU
		{414D9240-0229-43F6-92CC-6F9D16206A93}.Release|Any CPU.Build.0 = Release|Any CPU
	EndGlobalSection
	GlobalSection(SolutionProperties) = preSolution
		HideSolutionNode = FALSE
	EndGlobalSection
	GlobalSection(ExtensibilityGlobals) = postSolution
		SolutionGuid = {4AFA135F-38AD-40B0-A1FA-C3CF87D3AD94}
	EndGlobalSection
EndGlobal
