
Microsoft Visual Studio Solution File, Format Version 12.00
# Visual Studio Version 17
VisualStudioVersion = 17.14.37111.16 d17.14
MinimumVisualStudioVersion = 10.0.40219.1
Project("{FAE04EC0-301F-11D3-BF4B-00C04F79EFBC}") = "1C30JT_WaiYan_Kadai_5_1", "1C30JT_WaiYan_Kadai_5_1\1C30JT_WaiYan_Kadai_5_1.csproj", "{EAB7DB0E-BF97-4F90-A32E-F53983BD6496}"
EndProject
Global
	GlobalSection(SolutionConfigurationPlatforms) = preSolution
		Debug|Any CPU = Debug|Any CPU
		Release|Any CPU = Release|Any CPU
	EndGlobalSection
	GlobalSection(ProjectConfigurationPlatforms) = postSolution
		{EAB7DB0E-BF97-4F90-A32E-F53983BD6496}.Debug|Any CPU.ActiveCfg = Debug|Any CPU
		{EAB7DB0E-BF97-4F90-A32E-F53983BD6496}.Debug|Any CPU.Build.0 = Debug|Any CPU
		{EAB7DB0E-BF97-4F90-A32E-F53983BD6496}.Release|Any CPU.ActiveCfg = Release|Any CPU
		{EAB7DB0E-BF97-4F90-A32E-F53983BD6496}.Release|Any CPU.Build.0 = Release|Any CPU
	EndGlobalSection
	GlobalSection(SolutionProperties) = preSolution
		HideSolutionNode = FALSE
	EndGlobalSection
	GlobalSection(ExtensibilityGlobals) = postSolution
		SolutionGuid = {6E2B1E8B-34D4-4572-9D2F-F296F68D35E5}
	EndGlobalSection
EndGlobal
